
Microsoft Visual Studio Solution File, Format Version 12.00
Project("{FAE04EC0-301F-11D3-BF4B-00C04F79EFBC}") = "ParseTree", "ParseTree\ParseTree.csproj", "{44128D16-C452-4919-A6B9-F1CDD8B1BE70}"
EndProject
Project("{FAE04EC0-301F-11D3-BF4B-00C04F79EFBC}") = "ParseTreeTest", "ParseTreeTest\ParseTreeTest.csproj", "{7AE2285B-AEBD-46B9-8BEA-6D11B4CEB6DE}"
EndProject
Global
	GlobalSection(SolutionConfigurationPlatforms) = preSolution
		Debug|Any CPU = Debug|Any CPU
		Release|Any CPU = Release|Any CPU
	EndGlobalSection
	GlobalSection(ProjectConfigurationPlatforms) = postSolution
		{44128D16-C452-4919-A6B9-F1CDD8B1BE70}.Debug|Any CPU.ActiveCfg = Debug|Any CPU
		{44128D16-C452-4919-A6B9-F1CDD8B1BE70}.Debug|Any CPU.Build.0 = Debug|Any CPU
		{44128D16-C452-4919-A6B9-F1CDD8B1BE70}.Release|Any CPU.ActiveCfg = Release|Any CPU
		{44128D16-C452-4919-A6B9-F1CDD8B1BE70}.Release|Any CPU.Build.0 = Release|Any CPU
		{7AE2285B-AEBD-46B9-8BEA-6D11B4CEB6DE}.Debug|Any CPU.ActiveCfg = Debug|Any CPU
		{7AE2285B-AEBD-46B9-8BEA-6D11B4CEB6DE}.Debug|Any CPU.Build.0 = Debug|Any CPU
		{7AE2285B-AEBD-46B9-8BEA-6D11B4CEB6DE}.Release|Any CPU.ActiveCfg = Release|Any CPU
		{7AE2285B-AEBD-46B9-8BEA-6D11B4CEB6DE}.Release|Any CPU.Build.0 = Release|Any CPU
	EndGlobalSection
EndGlobal
